{
    "name": "radius",
    "version": "2021.02.13",
    "lockfileVersion": 2,
    "requires": true,
    "packages": {
        "": {
            "version": "2021.02.13",
            "dependencies": {
                "chap": "^0.4.0",
                "crypto": "^1.0.1",
                "fs": "^0.0.1-security",
                "ini": "^2.0.0",
                "md5": "^2.3.0",
                "radius": "^1.1.4"
            }
        },
        "node_modules/chap": {
            "version": "0.4.0",
            "resolved": "https://registry.npmjs.org/chap/-/chap-0.4.0.tgz",
            "integrity": "sha1-rRhnQDhsUpJ0kWU57pcFwxLkZRI="
        },
        "node_modules/charenc": {
            "version": "0.0.2",
            "resolved": "https://registry.npmjs.org/charenc/-/charenc-0.0.2.tgz",
            "integrity": "sha1-wKHS86cJLgN3S/qD8UwPxXkKhmc=",
            "engines": {
                "node": "*"
            }
        },
        "node_modules/crypt": {
            "version": "0.0.2",
            "resolved": "https://registry.npmjs.org/crypt/-/crypt-0.0.2.tgz",
            "integrity": "sha1-iNf/fsDfuG9xPch7u0LQRNPmxBs=",
            "engines": {
                "node": "*"
            }
        },
        "node_modules/crypto": {
            "version": "1.0.1",
            "resolved": "https://registry.npmjs.org/crypto/-/crypto-1.0.1.tgz",
            "integrity": "sha512-VxBKmeNcqQdiUQUW2Tzq0t377b54N2bMtXO/qiLa+6eRRmmC4qT3D4OnTGoT/U6O9aklQ/jTwbOtRMTTY8G0Ig==",
            "deprecated": "This package is no longer supported. It's now a built-in Node module. If you've depended on crypto, you should switch to the one that's built-in."
        },
        "node_modules/fs": {
            "version": "0.0.1-security",
            "resolved": "https://registry.npmjs.org/fs/-/fs-0.0.1-security.tgz",
            "integrity": "sha1-invTcYa23d84E/I4WLV+yq9eQdQ="
        },
        "node_modules/ini": {
            "version": "2.0.0",
            "resolved": "https://registry.npmjs.org/ini/-/ini-2.0.0.tgz",
            "integrity": "sha512-7PnF4oN3CvZF23ADhA5wRaYEQpJ8qygSkbtTXWBeXWXmEVRXK+1ITciHWwHhsjv1TmW0MgacIv6hEi5pX5NQdA==",
            "engines": {
                "node": ">=10"
            }
        },
        "node_modules/is-buffer": {
            "version": "1.1.6",
            "resolved": "https://registry.npmjs.org/is-buffer/-/is-buffer-1.1.6.tgz",
            "integrity": "sha512-NcdALwpXkTm5Zvvbk7owOUSvVvBKDgKP5/ewfXEznmQFfs4ZRmanOeKBTjRVjka3QFoN6XJ+9F3USqfHqTaU5w=="
        },
        "node_modules/md5": {
            "version": "2.3.0",
            "resolved": "https://registry.npmjs.org/md5/-/md5-2.3.0.tgz",
            "integrity": "sha512-T1GITYmFaKuO91vxyoQMFETst+O71VUPEU3ze5GNzDm0OWdP8v1ziTaAEPUr/3kLsY3Sftgz242A1SetQiDL7g==",
            "dependencies": {
                "charenc": "0.0.2",
                "crypt": "0.0.2",
                "is-buffer": "~1.1.6"
            }
        },
        "node_modules/radius": {
            "version": "1.1.4",
            "resolved": "https://registry.npmjs.org/radius/-/radius-1.1.4.tgz",
            "integrity": "sha512-UWuzdF6xf3NpsXFZZmUEkxtEalDXj8hdmMXgbGzn7vOk6zXNsiIY2I6SJ1euHt7PTQuMoz2qDEJB+AfJDJgQYw==",
            "engines": {
                "node": ">=0.8.0"
            }
        }
    },
    "dependencies": {
        "chap": {
            "version": "0.4.0",
            "resolved": "https://registry.npmjs.org/chap/-/chap-0.4.0.tgz",
            "integrity": "sha1-rRhnQDhsUpJ0kWU57pcFwxLkZRI="
        },
        "charenc": {
            "version": "0.0.2",
            "resolved": "https://registry.npmjs.org/charenc/-/charenc-0.0.2.tgz",
            "integrity": "sha1-wKHS86cJLgN3S/qD8UwPxXkKhmc="
        },
        "crypt": {
            "version": "0.0.2",
            "resolved": "https://registry.npmjs.org/crypt/-/crypt-0.0.2.tgz",
            "integrity": "sha1-iNf/fsDfuG9xPch7u0LQRNPmxBs="
        },
        "crypto": {
            "version": "1.0.1",
            "resolved": "https://registry.npmjs.org/crypto/-/crypto-1.0.1.tgz",
            "integrity": "sha512-VxBKmeNcqQdiUQUW2Tzq0t377b54N2bMtXO/qiLa+6eRRmmC4qT3D4OnTGoT/U6O9aklQ/jTwbOtRMTTY8G0Ig=="
        },
        "fs": {
            "version": "0.0.1-security",
            "resolved": "https://registry.npmjs.org/fs/-/fs-0.0.1-security.tgz",
            "integrity": "sha1-invTcYa23d84E/I4WLV+yq9eQdQ="
        },
        "ini": {
            "version": "2.0.0",
            "resolved": "https://registry.npmjs.org/ini/-/ini-2.0.0.tgz",
            "integrity": "sha512-7PnF4oN3CvZF23ADhA5wRaYEQpJ8qygSkbtTXWBeXWXmEVRXK+1ITciHWwHhsjv1TmW0MgacIv6hEi5pX5NQdA=="
        },
        "is-buffer": {
            "version": "1.1.6",
            "resolved": "https://registry.npmjs.org/is-buffer/-/is-buffer-1.1.6.tgz",
            "integrity": "sha512-NcdALwpXkTm5Zvvbk7owOUSvVvBKDgKP5/ewfXEznmQFfs4ZRmanOeKBTjRVjka3QFoN6XJ+9F3USqfHqTaU5w=="
        },
        "md5": {
            "version": "2.3.0",
            "resolved": "https://registry.npmjs.org/md5/-/md5-2.3.0.tgz",
            "integrity": "sha512-T1GITYmFaKuO91vxyoQMFETst+O71VUPEU3ze5GNzDm0OWdP8v1ziTaAEPUr/3kLsY3Sftgz242A1SetQiDL7g==",
            "requires": {
                "charenc": "0.0.2",
                "crypt": "0.0.2",
                "is-buffer": "~1.1.6"
            }
        },
        "radius": {
            "version": "1.1.4",
            "resolved": "https://registry.npmjs.org/radius/-/radius-1.1.4.tgz",
            "integrity": "sha512-UWuzdF6xf3NpsXFZZmUEkxtEalDXj8hdmMXgbGzn7vOk6zXNsiIY2I6SJ1euHt7PTQuMoz2qDEJB+AfJDJgQYw=="
        }
    }
}
